
Microsoft Visual Studio Solution File, Format Version 12.00
# Visual Studio Version 17
VisualStudioVersion = 17.3.32929.385
MinimumVisualStudioVersion = 10.0.40219.1
Project("{FAE04EC0-301F-11D3-BF4B-00C04F79EFBC}") = "AD41HN_HFT_2022231.Models", "AD41HN_HFT_2022231.Models\AD41HN_HFT_2022231.Models.csproj", "{3EAEC465-AFDC-4416-82DE-7FD4BB276272}"
EndProject
Project("{FAE04EC0-301F-11D3-BF4B-00C04F79EFBC}") = "AD41HN_HFT_2022231.Logic", "AD41HN_HFT_2022231.Logic\AD41HN_HFT_2022231.Logic.csproj", "{84D8044D-D771-4196-96F4-E362A8D41D72}"
EndProject
Project("{FAE04EC0-301F-11D3-BF4B-00C04F79EFBC}") = "AD41HN_HFT_2022231.Repository", "AD41HN_HFT_2022231.Repository\AD41HN_HFT_2022231.Repository.csproj", "{9825AC7B-EF0F-4D90-94CD-F541C88DD692}"
EndProject
Project("{FAE04EC0-301F-11D3-BF4B-00C04F79EFBC}") = "AD41HN_HFT_2022231.Test", "AD41HN_HFT_2022231.Test\AD41HN_HFT_2022231.Test.csproj", "{24843A8F-F715-4300-B7A1-7A3DFFBE158B}"
EndProject
Project("{FAE04EC0-301F-11D3-BF4B-00C04F79EFBC}") = "AD41HN_HFT_2022231.Endpoint", "AD41HN_HFT_2022231.Endpoint\AD41HN_HFT_2022231.Endpoint.csproj", "{041B7D5E-EEED-4897-8720-79A17E4BA200}"
EndProject
Project("{2150E333-8FDC-42A3-9474-1A3956D46DE8}") = "Shared", "Shared", "{75993A57-5BB6-4E1D-9863-503011652DD6}"
EndProject
Project("{2150E333-8FDC-42A3-9474-1A3956D46DE8}") = "Backend", "Backend", "{A07E3F4A-3E1D-4AA5-8FB4-C011EFBF0665}"
EndProject
Project("{2150E333-8FDC-42A3-9474-1A3956D46DE8}") = "Frontend", "Frontend", "{CE9485C5-37EF-4A4E-878B-2D21ED22FB03}"
EndProject
Project("{FAE04EC0-301F-11D3-BF4B-00C04F79EFBC}") = "AD41HN_HFT_2022231.Client", "AD41HN_HFT_2022231.Client\AD41HN_HFT_2022231.Client.csproj", "{8BE72D3E-CDB4-43C3-A871-C7ED1319242E}"
EndProject
Project("{FAE04EC0-301F-11D3-BF4B-00C04F79EFBC}") = "AD41HN_HFT_2022231.Db.cs", "AD41HN_HFT_2022231.Db.cs\AD41HN_HFT_2022231.Db.cs.csproj", "{1F6D5E81-11A7-47F6-AAE3-7B964E640F54}"
EndProject
Project("{FAE04EC0-301F-11D3-BF4B-00C04F79EFBC}") = "ToConsole", "ToConsole\ToConsole.csproj", "{39589165-CFE9-45CB-858C-7232762E59C0}"
EndProject
Global
	GlobalSection(SolutionConfigurationPlatforms) = preSolution
		Debug|Any CPU = Debug|Any CPU
		Release|Any CPU = Release|Any CPU
	EndGlobalSection
	GlobalSection(ProjectConfigurationPlatforms) = postSolution
		{3EAEC465-AFDC-4416-82DE-7FD4BB276272}.Debug|Any CPU.ActiveCfg = Debug|Any CPU
		{3EAEC465-AFDC-4416-82DE-7FD4BB276272}.Debug|Any CPU.Build.0 = Debug|Any CPU
		{3EAEC465-AFDC-4416-82DE-7FD4BB276272}.Release|Any CPU.ActiveCfg = Release|Any CPU
		{3EAEC465-AFDC-4416-82DE-7FD4BB276272}.Release|Any CPU.Build.0 = Release|Any CPU
		{84D8044D-D771-4196-96F4-E362A8D41D72}.Debug|Any CPU.ActiveCfg = Debug|Any CPU
		{84D8044D-D771-4196-96F4-E362A8D41D72}.Debug|Any CPU.Build.0 = Debug|Any CPU
		{84D8044D-D771-4196-96F4-E362A8D41D72}.Release|Any CPU.ActiveCfg = Release|Any CPU
		{84D8044D-D771-4196-96F4-E362A8D41D72}.Release|Any CPU.Build.0 = Release|Any CPU
		{9825AC7B-EF0F-4D90-94CD-F541C88DD692}.Debug|Any CPU.ActiveCfg = Debug|Any CPU
		{9825AC7B-EF0F-4D90-94CD-F541C88DD692}.Debug|Any CPU.Build.0 = Debug|Any CPU
		{9825AC7B-EF0F-4D90-94CD-F541C88DD692}.Release|Any CPU.ActiveCfg = Release|Any CPU
		{9825AC7B-EF0F-4D90-94CD-F541C88DD692}.Release|Any CPU.Build.0 = Release|Any CPU
		{24843A8F-F715-4300-B7A1-7A3DFFBE158B}.Debug|Any CPU.ActiveCfg = Debug|Any CPU
		{24843A8F-F715-4300-B7A1-7A3DFFBE158B}.Debug|Any CPU.Build.0 = Debug|Any CPU
		{24843A8F-F715-4300-B7A1-7A3DFFBE158B}.Release|Any CPU.ActiveCfg = Release|Any CPU
		{24843A8F-F715-4300-B7A1-7A3DFFBE158B}.Release|Any CPU.Build.0 = Release|Any CPU
		{041B7D5E-EEED-4897-8720-79A17E4BA200}.Debug|Any CPU.ActiveCfg = Debug|Any CPU
		{041B7D5E-EEED-4897-8720-79A17E4BA200}.Debug|Any CPU.Build.0 = Debug|Any CPU
		{041B7D5E-EEED-4897-8720-79A17E4BA200}.Release|Any CPU.ActiveCfg = Release|Any CPU
		{041B7D5E-EEED-4897-8720-79A17E4BA200}.Release|Any CPU.Build.0 = Release|Any CPU
		{8BE72D3E-CDB4-43C3-A871-C7ED1319242E}.Debug|Any CPU.ActiveCfg = Debug|Any CPU
		{8BE72D3E-CDB4-43C3-A871-C7ED1319242E}.Debug|Any CPU.Build.0 = Debug|Any CPU
		{8BE72D3E-CDB4-43C3-A871-C7ED1319242E}.Release|Any CPU.ActiveCfg = Release|Any CPU
		{8BE72D3E-CDB4-43C3-A871-C7ED1319242E}.Release|Any CPU.Build.0 = Release|Any CPU
		{1F6D5E81-11A7-47F6-AAE3-7B964E640F54}.Debug|Any CPU.ActiveCfg = Debug|Any CPU
		{1F6D5E81-11A7-47F6-AAE3-7B964E640F54}.Debug|Any CPU.Build.0 = Debug|Any CPU
		{1F6D5E81-11A7-47F6-AAE3-7B964E640F54}.Release|Any CPU.ActiveCfg = Release|Any CPU
		{1F6D5E81-11A7-47F6-AAE3-7B964E640F54}.Release|Any CPU.Build.0 = Release|Any CPU
		{39589165-CFE9-45CB-858C-7232762E59C0}.Debug|Any CPU.ActiveCfg = Debug|Any CPU
		{39589165-CFE9-45CB-858C-7232762E59C0}.Debug|Any CPU.Build.0 = Debug|Any CPU
		{39589165-CFE9-45CB-858C-7232762E59C0}.Release|Any CPU.ActiveCfg = Release|Any CPU
		{39589165-CFE9-45CB-858C-7232762E59C0}.Release|Any CPU.Build.0 = Release|Any CPU
	EndGlobalSection
	GlobalSection(SolutionProperties) = preSolution
		HideSolutionNode = FALSE
	EndGlobalSection
	GlobalSection(NestedProjects) = preSolution
		{3EAEC465-AFDC-4416-82DE-7FD4BB276272} = {75993A57-5BB6-4E1D-9863-503011652DD6}
		{84D8044D-D771-4196-96F4-E362A8D41D72} = {A07E3F4A-3E1D-4AA5-8FB4-C011EFBF0665}
		{9825AC7B-EF0F-4D90-94CD-F541C88DD692} = {A07E3F4A-3E1D-4AA5-8FB4-C011EFBF0665}
		{24843A8F-F715-4300-B7A1-7A3DFFBE158B} = {A07E3F4A-3E1D-4AA5-8FB4-C011EFBF0665}
		{041B7D5E-EEED-4897-8720-79A17E4BA200} = {A07E3F4A-3E1D-4AA5-8FB4-C011EFBF0665}
		{8BE72D3E-CDB4-43C3-A871-C7ED1319242E} = {CE9485C5-37EF-4A4E-878B-2D21ED22FB03}
		{1F6D5E81-11A7-47F6-AAE3-7B964E640F54} = {A07E3F4A-3E1D-4AA5-8FB4-C011EFBF0665}
		{39589165-CFE9-45CB-858C-7232762E59C0} = {A07E3F4A-3E1D-4AA5-8FB4-C011EFBF0665}
	EndGlobalSection
	GlobalSection(ExtensibilityGlobals) = postSolution
		SolutionGuid = {DBC1CF9F-FECA-4EDE-863A-0EAFED9E8E43}
	EndGlobalSection
EndGlobal
